
Microsoft Visual Studio Solution File, Format Version 12.00
# Visual Studio Version 17
VisualStudioVersion = 17.6.33801.468
MinimumVisualStudioVersion = 10.0.40219.1
Project("{FAE04EC0-301F-11D3-BF4B-00C04F79EFBC}") = "task2", "task2.csproj", "{0C26BBF7-279D-46A9-B5B0-0D47C1BF3D07}"
EndProject
Global
	GlobalSection(SolutionConfigurationPlatforms) = preSolution
		Debug|Any CPU = Debug|Any CPU
		Release|Any CPU = Release|Any CPU
	EndGlobalSection
	GlobalSection(ProjectConfigurationPlatforms) = postSolution
		{0C26BBF7-279D-46A9-B5B0-0D47C1BF3D07}.Debug|Any CPU.ActiveCfg = Debug|Any CPU
		{0C26BBF7-279D-46A9-B5B0-0D47C1BF3D07}.Debug|Any CPU.Build.0 = Debug|Any CPU
		{0C26BBF7-279D-46A9-B5B0-0D47C1BF3D07}.Release|Any CPU.ActiveCfg = Release|Any CPU
		{0C26BBF7-279D-46A9-B5B0-0D47C1BF3D07}.Release|Any CPU.Build.0 = Release|Any CPU
	EndGlobalSection
	GlobalSection(SolutionProperties) = preSolution
		HideSolutionNode = FALSE
	EndGlobalSection
	GlobalSection(ExtensibilityGlobals) = postSolution
		SolutionGuid = {1901A764-0FE9-4D0F-9553-F33A1ED9BA46}
	EndGlobalSection
EndGlobal
