
Microsoft Visual Studio Solution File, Format Version 12.00
# Visual Studio Version 17
VisualStudioVersion = 17.5.33627.172
MinimumVisualStudioVersion = 10.0.40219.1
Project("{FAE04EC0-301F-11D3-BF4B-00C04F79EFBC}") = "Lab1-1", "Lab1-1.csproj", "{59B1971B-B37D-4FE6-A383-1B4F3EEE93BB}"
EndProject
Project("{FAE04EC0-301F-11D3-BF4B-00C04F79EFBC}") = "Lab1-2", "..\Lab1-2\Lab1-2.csproj", "{21670249-E126-44E3-B7C3-2E4A4F3F55E8}"
EndProject
Project("{FAE04EC0-301F-11D3-BF4B-00C04F79EFBC}") = "Lab1-3", "..\Lab1-3\Lab1-3.csproj", "{91682C26-F9FC-48B9-9D5E-5DF7BC681E28}"
EndProject
Project("{FAE04EC0-301F-11D3-BF4B-00C04F79EFBC}") = "Lab1-4", "..\Lab1-4\Lab1-4.csproj", "{7C2E878D-B42D-4B3D-9FE9-DD20440111D9}"
EndProject
Global
	GlobalSection(SolutionConfigurationPlatforms) = preSolution
		Debug|Any CPU = Debug|Any CPU
		Release|Any CPU = Release|Any CPU
	EndGlobalSection
	GlobalSection(ProjectConfigurationPlatforms) = postSolution
		{59B1971B-B37D-4FE6-A383-1B4F3EEE93BB}.Debug|Any CPU.ActiveCfg = Debug|Any CPU
		{59B1971B-B37D-4FE6-A383-1B4F3EEE93BB}.Debug|Any CPU.Build.0 = Debug|Any CPU
		{59B1971B-B37D-4FE6-A383-1B4F3EEE93BB}.Release|Any CPU.ActiveCfg = Release|Any CPU
		{59B1971B-B37D-4FE6-A383-1B4F3EEE93BB}.Release|Any CPU.Build.0 = Release|Any CPU
		{21670249-E126-44E3-B7C3-2E4A4F3F55E8}.Debug|Any CPU.ActiveCfg = Debug|Any CPU
		{21670249-E126-44E3-B7C3-2E4A4F3F55E8}.Debug|Any CPU.Build.0 = Debug|Any CPU
		{21670249-E126-44E3-B7C3-2E4A4F3F55E8}.Release|Any CPU.ActiveCfg = Release|Any CPU
		{21670249-E126-44E3-B7C3-2E4A4F3F55E8}.Release|Any CPU.Build.0 = Release|Any CPU
		{91682C26-F9FC-48B9-9D5E-5DF7BC681E28}.Debug|Any CPU.ActiveCfg = Debug|Any CPU
		{91682C26-F9FC-48B9-9D5E-5DF7BC681E28}.Debug|Any CPU.Build.0 = Debug|Any CPU
		{91682C26-F9FC-48B9-9D5E-5DF7BC681E28}.Release|Any CPU.ActiveCfg = Release|Any CPU
		{91682C26-F9FC-48B9-9D5E-5DF7BC681E28}.Release|Any CPU.Build.0 = Release|Any CPU
		{7C2E878D-B42D-4B3D-9FE9-DD20440111D9}.Debug|Any CPU.ActiveCfg = Debug|Any CPU
		{7C2E878D-B42D-4B3D-9FE9-DD20440111D9}.Debug|Any CPU.Build.0 = Debug|Any CPU
		{7C2E878D-B42D-4B3D-9FE9-DD20440111D9}.Release|Any CPU.ActiveCfg = Release|Any CPU
		{7C2E878D-B42D-4B3D-9FE9-DD20440111D9}.Release|Any CPU.Build.0 = Release|Any CPU
	EndGlobalSection
	GlobalSection(SolutionProperties) = preSolution
		HideSolutionNode = FALSE
	EndGlobalSection
	GlobalSection(ExtensibilityGlobals) = postSolution
		SolutionGuid = {B50461A3-A17D-4DC8-9C60-32A3B6C212F6}
	EndGlobalSection
EndGlobal
